PODS:
  - FlutterMacOS (1.0.0)
  - maplibre_flutter_map (0.0.1):
    - FlutterMacOS

DEPENDENCIES:
  - FlutterMacOS (from `Flutter/ephemeral`)
  - maplibre_flutter_map (from `Flutter/ephemeral/.symlinks/plugins/maplibre_flutter_map/macos`)

EXTERNAL SOURCES:
  FlutterMacOS:
    :path: Flutter/ephemeral
  maplibre_flutter_map:
    :path: Flutter/ephemeral/.symlinks/plugins/maplibre_flutter_map/macos

SPEC CHECKSUMS:
  FlutterMacOS: 8f6f14fa908a6fb3fba0cd85dbd81ec4b251fb24
  maplibre_flutter_map: 7313d176ba053122ccdca0fca0f97b7ab41cd36f

PODFILE CHECKSUM: 236401fc2c932af29a9fcf0e97baeeb2d750d367

COCOAPODS: 1.15.2
